
Microsoft Visual Studio Solution File, Format Version 12.00
# Visual Studio 15
VisualStudioVersion = 15.0.28307.1209
MinimumVisualStudioVersion = 10.0.40219.1
Project("{159641D6-6404-4A2A-AE62-294DE0FE8301}") = "test1", "test1\test1.dtproj", "{4427933A-8948-46F5-8171-78D9F0E9D1E5}"
EndProject
Global
	GlobalSection(SolutionConfigurationPlatforms) = preSolution
		Development|Default = Development|Default
	EndGlobalSection
	GlobalSection(ProjectConfigurationPlatforms) = postSolution
		{4427933A-8948-46F5-8171-78D9F0E9D1E5}.Development|Default.ActiveCfg = Development
		{4427933A-8948-46F5-8171-78D9F0E9D1E5}.Development|Default.Build.0 = Development
	EndGlobalSection
	GlobalSection(SolutionProperties) = preSolution
		HideSolutionNode = FALSE
	EndGlobalSection
	GlobalSection(ExtensibilityGlobals) = postSolution
		SolutionGuid = {AF3F2A7E-A6DA-49D5-9AD3-416E45E1691E}
	EndGlobalSection
EndGlobal
